
Microsoft Visual Studio Solution File, Format Version 12.00
# Visual Studio 15
VisualStudioVersion = 15.0.26430.14
MinimumVisualStudioVersion = 10.0.40219.1
Project("{FAE04EC0-301F-11D3-BF4B-00C04F79EFBC}") = "Angular2MVC", "Angular2MVC\Angular2MVC.csproj", "{BCB144D9-23CD-4B14-91E7-A331A19DF039}"
EndProject
Global
	GlobalSection(SolutionConfigurationPlatforms) = preSolution
		Debug|Any CPU = Debug|Any CPU
		Release|Any CPU = Release|Any CPU
	EndGlobalSection
	GlobalSection(ProjectConfigurationPlatforms) = postSolution
		{BCB144D9-23CD-4B14-91E7-A331A19DF039}.Debug|Any CPU.ActiveCfg = Debug|Any CPU
		{BCB144D9-23CD-4B14-91E7-A331A19DF039}.Debug|Any CPU.Build.0 = Debug|Any CPU
		{BCB144D9-23CD-4B14-91E7-A331A19DF039}.Release|Any CPU.ActiveCfg = Release|Any CPU
		{BCB144D9-23CD-4B14-91E7-A331A19DF039}.Release|Any CPU.Build.0 = Release|Any CPU
	EndGlobalSection
	GlobalSection(SolutionProperties) = preSolution
		HideSolutionNode = FALSE
	EndGlobalSection
EndGlobal
